
Microsoft Visual Studio Solution File, Format Version 12.00
# Visual Studio Version 16
VisualStudioVersion = 16.0.31129.286
MinimumVisualStudioVersion = 10.0.40219.1
Project("{FAE04EC0-301F-11D3-BF4B-00C04F79EFBC}") = "Borsa", "Borsa\Borsa.csproj", "{183D7B73-51D2-4BA6-B5F4-838F80887B80}"
EndProject
Global
	GlobalSection(SolutionConfigurationPlatforms) = preSolution
		Debug|Any CPU = Debug|Any CPU
		Release|Any CPU = Release|Any CPU
	EndGlobalSection
	GlobalSection(ProjectConfigurationPlatforms) = postSolution
		{183D7B73-51D2-4BA6-B5F4-838F80887B80}.Debug|Any CPU.ActiveCfg = Debug|Any CPU
		{183D7B73-51D2-4BA6-B5F4-838F80887B80}.Debug|Any CPU.Build.0 = Debug|Any CPU
		{183D7B73-51D2-4BA6-B5F4-838F80887B80}.Release|Any CPU.ActiveCfg = Release|Any CPU
		{183D7B73-51D2-4BA6-B5F4-838F80887B80}.Release|Any CPU.Build.0 = Release|Any CPU
	EndGlobalSection
	GlobalSection(SolutionProperties) = preSolution
		HideSolutionNode = FALSE
	EndGlobalSection
	GlobalSection(ExtensibilityGlobals) = postSolution
		SolutionGuid = {19AB3C13-1645-4ADD-B946-3A6AD60EFCA8}
	EndGlobalSection
EndGlobal
